PODS:
  - Flutter (1.0.0)
  - Stipop (0.3.0)
  - stipop_sdk (0.2.2):
    - Flutter
    - Stipop (= 0.3.0)

DEPENDENCIES:
  - Flutter (from `Flutter`)
  - stipop_sdk (from `.symlinks/plugins/stipop_sdk/ios`)

SPEC REPOS:
  trunk:
    - Stipop

EXTERNAL SOURCES:
  Flutter:
    :path: Flutter
  stipop_sdk:
    :path: ".symlinks/plugins/stipop_sdk/ios"

SPEC CHECKSUMS:
  Flutter: 50d75fe2f02b26cc09d224853bb45737f8b3214a
  Stipop: 52fbf336c3a89d13a28d0dd2b756ecab1579bd7f
  stipop_sdk: 91513bfbfbd0075e0ed267f374ab4394c584539e

PODFILE CHECKSUM: 3b3474815cff308e74761b19f30d426b05320f07

COCOAPODS: 1.11.2
