PODS:
  - Flutter (1.0.0)
  - Stipop (0.3.0-beta.1)
  - stipop_sdk (0.1.0):
    - Flutter
    - Stipop (= 0.3.0-beta.1)

DEPENDENCIES:
  - Flutter (from `Flutter`)
  - stipop_sdk (from `.symlinks/plugins/stipop_sdk/ios`)

SPEC REPOS:
  trunk:
    - Stipop

EXTERNAL SOURCES:
  Flutter:
    :path: Flutter
  stipop_sdk:
    :path: ".symlinks/plugins/stipop_sdk/ios"

SPEC CHECKSUMS:
  Flutter: 50d75fe2f02b26cc09d224853bb45737f8b3214a
  Stipop: ddbf37158b5037c09ff8082a8417f98082771e93
  stipop_sdk: 7468bd9d969cc652bc565377d37e5dac730633cb

PODFILE CHECKSUM: aafe91acc616949ddb318b77800a7f51bffa2a4c

COCOAPODS: 1.11.2
